
Microsoft Visual Studio Solution File, Format Version 12.00
# Visual Studio Version 16
VisualStudioVersion = 16.0.31702.278
MinimumVisualStudioVersion = 10.0.40219.1
Project("{FAE04EC0-301F-11D3-BF4B-00C04F79EFBC}") = "Focus", "Focus\Focus.csproj", "{0E04A417-6565-4BAF-87B3-5AD1E07A4564}"
EndProject
Global
	GlobalSection(SolutionConfigurationPlatforms) = preSolution
		Debug|Any CPU = Debug|Any CPU
		Release|Any CPU = Release|Any CPU
	EndGlobalSection
	GlobalSection(ProjectConfigurationPlatforms) = postSolution
		{0E04A417-6565-4BAF-87B3-5AD1E07A4564}.Debug|Any CPU.ActiveCfg = Debug|Any CPU
		{0E04A417-6565-4BAF-87B3-5AD1E07A4564}.Debug|Any CPU.Build.0 = Debug|Any CPU
		{0E04A417-6565-4BAF-87B3-5AD1E07A4564}.Release|Any CPU.ActiveCfg = Release|Any CPU
		{0E04A417-6565-4BAF-87B3-5AD1E07A4564}.Release|Any CPU.Build.0 = Release|Any CPU
	EndGlobalSection
	GlobalSection(SolutionProperties) = preSolution
		HideSolutionNode = FALSE
	EndGlobalSection
	GlobalSection(ExtensibilityGlobals) = postSolution
		SolutionGuid = {7D581808-D184-4A3C-AD6F-32457B092A5C}
	EndGlobalSection
EndGlobal
